# THIS IS AN AUTOGENERATED FILE. DO NOT EDIT THIS FILE DIRECTLY.
# yarn lockfile v1


stickybits@^3.6.6:
  version "3.6.6"
  resolved "https://registry.yarnpkg.com/stickybits/-/stickybits-3.6.6.tgz#ce042cbeaecfcc84cda602be6f5bc99b63e2964c"
  integrity sha512-+++I84+V+IqRXCDIgSn7tGHXF1BtsPn/Nb3Ve3ZEH2NnTauorHyUFbKTW+nycobxtsGQMnl5V0WdHxGTDdmp+A==
